
Microsoft Visual Studio Solution File, Format Version 12.00
# Visual Studio Version 17
VisualStudioVersion = 17.7.34031.279
MinimumVisualStudioVersion = 10.0.40219.1
Project("{FAE04EC0-301F-11D3-BF4B-00C04F79EFBC}") = "Proyecto MegaTubos IS", "Proyecto MegaTubos IS.csproj", "{35118673-A396-4804-BA09-C07F0A4A4497}"
EndProject
Global
	GlobalSection(SolutionConfigurationPlatforms) = preSolution
		Debug|Any CPU = Debug|Any CPU
		Release|Any CPU = Release|Any CPU
	EndGlobalSection
	GlobalSection(ProjectConfigurationPlatforms) = postSolution
		{35118673-A396-4804-BA09-C07F0A4A4497}.Debug|Any CPU.ActiveCfg = Debug|Any CPU
		{35118673-A396-4804-BA09-C07F0A4A4497}.Debug|Any CPU.Build.0 = Debug|Any CPU
		{35118673-A396-4804-BA09-C07F0A4A4497}.Release|Any CPU.ActiveCfg = Release|Any CPU
		{35118673-A396-4804-BA09-C07F0A4A4497}.Release|Any CPU.Build.0 = Release|Any CPU
	EndGlobalSection
	GlobalSection(SolutionProperties) = preSolution
		HideSolutionNode = FALSE
	EndGlobalSection
	GlobalSection(ExtensibilityGlobals) = postSolution
		SolutionGuid = {B14859A0-CD27-4F38-BA82-9E9E11B4044F}
	EndGlobalSection
EndGlobal
